PODS:
  - xDefine (1.0.4)
  - xExtension (1.1.3):
    - xDefine

DEPENDENCIES:
  - xExtension (from `../`)

SPEC REPOS:
  https://github.com/kaibuleite/xSpecs.git:
    - xDefine

EXTERNAL SOURCES:
  xExtension:
    :path: "../"

SPEC CHECKSUMS:
  xDefine: ca6c6eef825544db8b43409e66dbff05eca7ac58
  xExtension: 9ddafc8dee19a4444c2bb4165e5fe8267d0693e5

PODFILE CHECKSUM: c586dffee56963f9527db49ef23f5e96f38b6ead

COCOAPODS: 1.9.1
