PODS:
  - xDefine (1.0.3)
  - xExtension (1.0.8):
    - xDefine

DEPENDENCIES:
  - xExtension (from `../`)

SPEC REPOS:
  https://github.com/kaibuleite/xSpecs.git:
    - xDefine

EXTERNAL SOURCES:
  xExtension:
    :path: "../"

SPEC CHECKSUMS:
  xDefine: 4606ab9095902a0b04d2b205eed2f3295445a1a9
  xExtension: 8cd36c417f8d0c8c653cbc7e128cb23f3f4d3375

PODFILE CHECKSUM: c586dffee56963f9527db49ef23f5e96f38b6ead

COCOAPODS: 1.9.1
