PODS:
  - xDefine (1.0.4)
  - xExtension (1.1.1):
    - xDefine

DEPENDENCIES:
  - xExtension (from `../`)

SPEC REPOS:
  https://github.com/kaibuleite/xSpecs.git:
    - xDefine

EXTERNAL SOURCES:
  xExtension:
    :path: "../"

SPEC CHECKSUMS:
  xDefine: ca6c6eef825544db8b43409e66dbff05eca7ac58
  xExtension: 2e0487b6ab9e942cba9ab18cda92bdb352707772

PODFILE CHECKSUM: c586dffee56963f9527db49ef23f5e96f38b6ead

COCOAPODS: 1.9.1
